
Microsoft Visual Studio Solution File, Format Version 12.00
# Visual Studio Version 17
VisualStudioVersion = 17.13.35828.75 d17.13
MinimumVisualStudioVersion = 10.0.40219.1
Project("{FAE04EC0-301F-11D3-BF4B-00C04F79EFBC}") = "Trees", "Trees\Trees.csproj", "{A7EAD2AF-3327-4E15-8999-2BAAE29E6213}"
EndProject
Global
	GlobalSection(SolutionConfigurationPlatforms) = preSolution
		Debug|Any CPU = Debug|Any CPU
		Release|Any CPU = Release|Any CPU
	EndGlobalSection
	GlobalSection(ProjectConfigurationPlatforms) = postSolution
		{A7EAD2AF-3327-4E15-8999-2BAAE29E6213}.Debug|Any CPU.ActiveCfg = Debug|Any CPU
		{A7EAD2AF-3327-4E15-8999-2BAAE29E6213}.Debug|Any CPU.Build.0 = Debug|Any CPU
		{A7EAD2AF-3327-4E15-8999-2BAAE29E6213}.Release|Any CPU.ActiveCfg = Release|Any CPU
		{A7EAD2AF-3327-4E15-8999-2BAAE29E6213}.Release|Any CPU.Build.0 = Release|Any CPU
	EndGlobalSection
	GlobalSection(SolutionProperties) = preSolution
		HideSolutionNode = FALSE
	EndGlobalSection
	GlobalSection(ExtensibilityGlobals) = postSolution
		SolutionGuid = {1DC28372-6CC7-49B4-AF93-3FB8B8B47A1C}
	EndGlobalSection
EndGlobal
